
Microsoft Visual Studio Solution File, Format Version 12.00
# Visual Studio Version 16
VisualStudioVersion = 16.0.31515.178
MinimumVisualStudioVersion = 10.0.40219.1
Project("{9A19103F-16F7-4668-BE54-9A1E7A4F7556}") = "Exercise07", "Exercise07\Exercise07.csproj", "{888E4CA0-CC59-4919-BF9A-51F357B9818C}"
EndProject
Project("{FAE04EC0-301F-11D3-BF4B-00C04F79EFBC}") = "Exercise08", "Exercise08\Exercise08.csproj", "{F8C2A4B2-427D-4298-AC54-1E51FACF5051}"
EndProject
Global
	GlobalSection(SolutionConfigurationPlatforms) = preSolution
		Debug|Any CPU = Debug|Any CPU
		Release|Any CPU = Release|Any CPU
	EndGlobalSection
	GlobalSection(ProjectConfigurationPlatforms) = postSolution
		{888E4CA0-CC59-4919-BF9A-51F357B9818C}.Debug|Any CPU.ActiveCfg = Debug|Any CPU
		{888E4CA0-CC59-4919-BF9A-51F357B9818C}.Debug|Any CPU.Build.0 = Debug|Any CPU
		{888E4CA0-CC59-4919-BF9A-51F357B9818C}.Release|Any CPU.ActiveCfg = Release|Any CPU
		{888E4CA0-CC59-4919-BF9A-51F357B9818C}.Release|Any CPU.Build.0 = Release|Any CPU
		{F8C2A4B2-427D-4298-AC54-1E51FACF5051}.Debug|Any CPU.ActiveCfg = Debug|Any CPU
		{F8C2A4B2-427D-4298-AC54-1E51FACF5051}.Debug|Any CPU.Build.0 = Debug|Any CPU
		{F8C2A4B2-427D-4298-AC54-1E51FACF5051}.Release|Any CPU.ActiveCfg = Release|Any CPU
		{F8C2A4B2-427D-4298-AC54-1E51FACF5051}.Release|Any CPU.Build.0 = Release|Any CPU
	EndGlobalSection
	GlobalSection(SolutionProperties) = preSolution
		HideSolutionNode = FALSE
	EndGlobalSection
	GlobalSection(ExtensibilityGlobals) = postSolution
		SolutionGuid = {2A011E78-4E65-4CE5-BC01-E32F65BC6F88}
	EndGlobalSection
EndGlobal
