
Microsoft Visual Studio Solution File, Format Version 12.00
# Visual Studio Version 16
VisualStudioVersion = 16.0.31515.178
MinimumVisualStudioVersion = 10.0.40219.1
Project("{9A19103F-16F7-4668-BE54-9A1E7A4F7556}") = "Exercise05", "Exercise05\Exercise05.csproj", "{F80A2969-C22D-460D-9271-31A39406F1D8}"
EndProject
Project("{FAE04EC0-301F-11D3-BF4B-00C04F79EFBC}") = "Exercise06", "Exercise06\Exercise06.csproj", "{FAD8B0AC-E8D4-4F63-954F-897EC1C2F912}"
EndProject
Global
	GlobalSection(SolutionConfigurationPlatforms) = preSolution
		Debug|Any CPU = Debug|Any CPU
		Release|Any CPU = Release|Any CPU
	EndGlobalSection
	GlobalSection(ProjectConfigurationPlatforms) = postSolution
		{F80A2969-C22D-460D-9271-31A39406F1D8}.Debug|Any CPU.ActiveCfg = Debug|Any CPU
		{F80A2969-C22D-460D-9271-31A39406F1D8}.Debug|Any CPU.Build.0 = Debug|Any CPU
		{F80A2969-C22D-460D-9271-31A39406F1D8}.Release|Any CPU.ActiveCfg = Release|Any CPU
		{F80A2969-C22D-460D-9271-31A39406F1D8}.Release|Any CPU.Build.0 = Release|Any CPU
		{FAD8B0AC-E8D4-4F63-954F-897EC1C2F912}.Debug|Any CPU.ActiveCfg = Debug|Any CPU
		{FAD8B0AC-E8D4-4F63-954F-897EC1C2F912}.Debug|Any CPU.Build.0 = Debug|Any CPU
		{FAD8B0AC-E8D4-4F63-954F-897EC1C2F912}.Release|Any CPU.ActiveCfg = Release|Any CPU
		{FAD8B0AC-E8D4-4F63-954F-897EC1C2F912}.Release|Any CPU.Build.0 = Release|Any CPU
	EndGlobalSection
	GlobalSection(SolutionProperties) = preSolution
		HideSolutionNode = FALSE
	EndGlobalSection
	GlobalSection(ExtensibilityGlobals) = postSolution
		SolutionGuid = {EA4F50C4-1E01-49AB-B35E-E018CB77E6D6}
	EndGlobalSection
EndGlobal
